
Microsoft Visual Studio Solution File, Format Version 12.00
# Visual Studio Version 16
VisualStudioVersion = 16.0.29519.87
MinimumVisualStudioVersion = 10.0.40219.1
Project("{FAE04EC0-301F-11D3-BF4B-00C04F79EFBC}") = "D_D_Site", "D_D_Site\D_D_Site.csproj", "{4F739BE7-1728-4325-818D-312C0512AC1D}"
EndProject
Global
	GlobalSection(SolutionConfigurationPlatforms) = preSolution
		Debug|Any CPU = Debug|Any CPU
		Release|Any CPU = Release|Any CPU
	EndGlobalSection
	GlobalSection(ProjectConfigurationPlatforms) = postSolution
		{4F739BE7-1728-4325-818D-312C0512AC1D}.Debug|Any CPU.ActiveCfg = Debug|Any CPU
		{4F739BE7-1728-4325-818D-312C0512AC1D}.Debug|Any CPU.Build.0 = Debug|Any CPU
		{4F739BE7-1728-4325-818D-312C0512AC1D}.Release|Any CPU.ActiveCfg = Release|Any CPU
		{4F739BE7-1728-4325-818D-312C0512AC1D}.Release|Any CPU.Build.0 = Release|Any CPU
	EndGlobalSection
	GlobalSection(SolutionProperties) = preSolution
		HideSolutionNode = FALSE
	EndGlobalSection
	GlobalSection(ExtensibilityGlobals) = postSolution
		SolutionGuid = {A3832D07-91FD-4135-A33D-C7CC16F6A63C}
	EndGlobalSection
EndGlobal
